{
  "version": 4,
  "terraform_version": "0.12.25",
  "serial": 151,
  "lineage": "87b4f175-d9a7-6b4c-e065-b3fe4095174f",
  "outputs": {},
  "resources": [
    {
      "mode": "managed",
      "type": "aws_eip",
      "name": "nat_eip",
      "provider": "provider.aws",
      "instances": [
        {
          "schema_version": 0,
          "attributes": {
            "allocation_id": null,
            "associate_with_private_ip": null,
            "association_id": "eipassoc-0073b74a01e3ebd74",
            "carrier_ip": "",
            "customer_owned_ip": "",
            "customer_owned_ipv4_pool": "",
            "domain": "vpc",
            "id": "eipalloc-057eb115da852fd26",
            "instance": "",
            "network_border_group": "ap-south-1",
            "network_interface": "eni-01e1ff9cb88fd45ab",
            "private_dns": "ip-10-0-3-200.ap-south-1.compute.internal",
            "private_ip": "10.0.3.200",
            "public_dns": "ec2-65-0-236-2.ap-south-1.compute.amazonaws.com",
            "public_ip": "65.0.236.2",
            "public_ipv4_pool": "amazon",
            "tags": {
              "Name": "nat-eip"
            },
            "timeouts": null,
            "vpc": true
          },
          "private": "eyJlMmJmYjczMC1lY2FhLTExZTYtOGY4OC0zNDM2M2JjN2M0YzAiOnsiZGVsZXRlIjoxODAwMDAwMDAwMDAsInJlYWQiOjkwMDAwMDAwMDAwMCwidXBkYXRlIjozMDAwMDAwMDAwMDB9fQ=="
        }
      ]
    },
    {
      "mode": "managed",
      "type": "aws_internet_gateway",
      "name": "igw",
      "provider": "provider.aws",
      "instances": [
        {
          "schema_version": 0,
          "attributes": {
            "arn": "arn:aws:ec2:ap-south-1:886038311436:internet-gateway/igw-08db79fcb3eb65253",
            "id": "igw-08db79fcb3eb65253",
            "owner_id": "886038311436",
            "tags": {
              "Name": "Internate-Gateway"
            },
            "vpc_id": "vpc-09e844b7f894b6661"
          },
          "private": "bnVsbA==",
          "dependencies": [
            "aws_vpc.main"
          ]
        }
      ]
    },
    {
      "mode": "managed",
      "type": "aws_nat_gateway",
      "name": "nat",
      "provider": "provider.aws",
      "instances": [
        {
          "schema_version": 0,
          "attributes": {
            "allocation_id": "eipalloc-057eb115da852fd26",
            "id": "nat-07954e1391e2d5f95",
            "network_interface_id": "eni-01e1ff9cb88fd45ab",
            "private_ip": "10.0.3.200",
            "public_ip": "65.0.236.2",
            "subnet_id": "subnet-0368eeb689c348e09",
            "tags": {}
          },
          "private": "bnVsbA==",
          "dependencies": [
            "aws_eip.nat_eip",
            "aws_subnet.app_subnet",
            "aws_vpc.main",
            "random_shuffle.az"
          ]
        }
      ]
    },
    {
      "mode": "managed",
      "type": "aws_opsworks_custom_layer",
      "name": "application",
      "provider": "provider.aws",
      "instances": [
        {
          "schema_version": 0,
          "attributes": {
            "arn": "arn:aws:opsworks:ap-south-1:886038311436:layer/559a2188-081c-41fc-a848-f14d30adb57d",
            "auto_assign_elastic_ips": false,
            "auto_assign_public_ips": true,
            "auto_healing": true,
            "custom_configure_recipes": [],
            "custom_deploy_recipes": [],
            "custom_instance_profile_arn": "",
            "custom_json": "",
            "custom_security_group_ids": [
              "sg-0ef7c7c6dde951d2f"
            ],
            "custom_setup_recipes": [
              "configuration::configFile"
            ],
            "custom_shutdown_recipes": [],
            "custom_undeploy_recipes": [],
            "drain_elb_on_shutdown": true,
            "ebs_volume": [],
            "elastic_load_balancer": "",
            "id": "559a2188-081c-41fc-a848-f14d30adb57d",
            "install_updates_on_boot": true,
            "instance_shutdown_timeout": 120,
            "name": "Application Layer",
            "short_name": "app",
            "stack_id": "d33c189b-5933-4fb5-ae12-24b0fc9f4811",
            "system_packages": [],
            "tags": {},
            "use_ebs_optimized_instances": false
          },
          "private": "bnVsbA==",
          "dependencies": [
            "aws_opsworks_stack.demo",
            "aws_security_group.app_sg",
            "aws_vpc.main"
          ]
        }
      ]
    },
    {
      "mode": "managed",
      "type": "aws_opsworks_custom_layer",
      "name": "db",
      "provider": "provider.aws",
      "instances": [
        {
          "schema_version": 0,
          "attributes": {
            "arn": "arn:aws:opsworks:ap-south-1:886038311436:layer/c179afd8-6af2-4c79-a746-e88db207a8a7",
            "auto_assign_elastic_ips": false,
            "auto_assign_public_ips": true,
            "auto_healing": true,
            "custom_configure_recipes": [],
            "custom_deploy_recipes": [],
            "custom_instance_profile_arn": "",
            "custom_json": "",
            "custom_security_group_ids": [
              "sg-00b616e191aede35b"
            ],
            "custom_setup_recipes": [
              "configuration::mysql_conf"
            ],
            "custom_shutdown_recipes": [],
            "custom_undeploy_recipes": [],
            "drain_elb_on_shutdown": true,
            "ebs_volume": [],
            "elastic_load_balancer": "",
            "id": "c179afd8-6af2-4c79-a746-e88db207a8a7",
            "install_updates_on_boot": true,
            "instance_shutdown_timeout": 120,
            "name": "DB Layer",
            "short_name": "db",
            "stack_id": "d33c189b-5933-4fb5-ae12-24b0fc9f4811",
            "system_packages": [],
            "tags": {},
            "use_ebs_optimized_instances": false
          },
          "private": "bnVsbA==",
          "dependencies": [
            "aws_opsworks_stack.demo",
            "aws_security_group.db_sg"
          ]
        }
      ]
    },
    {
      "mode": "managed",
      "type": "aws_opsworks_instance",
      "name": "app1",
      "provider": "provider.aws",
      "instances": [
        {
          "schema_version": 0,
          "attributes": {
            "agent_version": "INHERIT",
            "ami_id": "ami-0912f71e06545ad88",
            "architecture": "x86_64",
            "auto_scaling_type": "",
            "availability_zone": "ap-south-1b",
            "created_at": "2021-04-07T06:43:23+00:00",
            "delete_ebs": true,
            "delete_eip": true,
            "ebs_block_device": [],
            "ebs_optimized": false,
            "ec2_instance_id": "i-055651892edb7a1c5",
            "ecs_cluster_arn": "",
            "elastic_ip": "",
            "ephemeral_block_device": [],
            "hostname": "app1",
            "id": "8602f95c-ad3f-4d3c-a79b-f3b5b76a5cfd",
            "infrastructure_class": "ec2",
            "install_updates_on_boot": true,
            "instance_profile_arn": "arn:aws:iam::886038311436:instance-profile/aws-opsworks-ec2-role",
            "instance_type": "t3.micro",
            "last_service_error_id": "",
            "layer_ids": [
              "559a2188-081c-41fc-a848-f14d30adb57d"
            ],
            "os": "Amazon Linux 2018.03",
            "platform": "linux",
            "private_dns": "ip-10-0-3-57.ap-south-1.compute.internal",
            "private_ip": "10.0.3.57",
            "public_dns": "",
            "public_ip": "15.207.99.212",
            "registered_by": "",
            "reported_agent_version": "4039-20200430042739",
            "reported_os_family": "rhel",
            "reported_os_name": "Amazon Linux",
            "reported_os_version": "2018.03",
            "root_block_device": [],
            "root_device_type": "ebs",
            "root_device_volume_id": "vol-06204c84ba0968d6e",
            "security_group_ids": [
              "sg-0ef7c7c6dde951d2f",
              "sg-0a59709613a6cad25"
            ],
            "ssh_host_dsa_key_fingerprint": "c3:ad:2b:7b:ad:a8:2e:f9:12:39:55:f0:05:af:5c:3e",
            "ssh_host_rsa_key_fingerprint": "be:68:f2:fb:ff:c2:c9:e5:0c:32:6b:49:cd:44:e8:73",
            "ssh_key_name": "",
            "stack_id": "d33c189b-5933-4fb5-ae12-24b0fc9f4811",
            "state": "running",
            "status": "online",
            "subnet_id": "subnet-0368eeb689c348e09",
            "tenancy": "default",
            "timeouts": null,
            "virtualization_type": "hvm"
          },
          "private": "eyJlMmJmYjczMC1lY2FhLTExZTYtOGY4OC0zNDM2M2JjN2M0YzAiOnsiY3JlYXRlIjo2MDAwMDAwMDAwMDAsImRlbGV0ZSI6NjAwMDAwMDAwMDAwLCJ1cGRhdGUiOjYwMDAwMDAwMDAwMH19",
          "dependencies": [
            "aws_opsworks_custom_layer.application",
            "aws_opsworks_stack.demo"
          ]
        }
      ]
    },
    {
      "mode": "managed",
      "type": "aws_opsworks_instance",
      "name": "db1",
      "provider": "provider.aws",
      "instances": [
        {
          "status": "tainted",
          "schema_version": 0,
          "attributes": {
            "agent_version": "INHERIT",
            "ami_id": null,
            "architecture": "x86_64",
            "auto_scaling_type": null,
            "availability_zone": null,
            "created_at": null,
            "delete_ebs": true,
            "delete_eip": true,
            "ebs_block_device": [],
            "ebs_optimized": false,
            "ec2_instance_id": null,
            "ecs_cluster_arn": null,
            "elastic_ip": null,
            "ephemeral_block_device": [],
            "hostname": null,
            "id": "c9fbb115-87e4-4228-9a31-07d094fe9133",
            "infrastructure_class": null,
            "install_updates_on_boot": true,
            "instance_profile_arn": null,
            "instance_type": "t3.micro",
            "last_service_error_id": null,
            "layer_ids": [
              "c179afd8-6af2-4c79-a746-e88db207a8a7"
            ],
            "os": "Amazon Linux 2018.03",
            "platform": null,
            "private_dns": null,
            "private_ip": null,
            "public_dns": null,
            "public_ip": null,
            "registered_by": null,
            "reported_agent_version": null,
            "reported_os_family": null,
            "reported_os_name": null,
            "reported_os_version": null,
            "root_block_device": [],
            "root_device_type": null,
            "root_device_volume_id": null,
            "security_group_ids": null,
            "ssh_host_dsa_key_fingerprint": null,
            "ssh_host_rsa_key_fingerprint": null,
            "ssh_key_name": null,
            "stack_id": "d33c189b-5933-4fb5-ae12-24b0fc9f4811",
            "state": "running",
            "status": null,
            "subnet_id": "subnet-083e76ce1c59ed32f",
            "tenancy": null,
            "timeouts": null,
            "virtualization_type": null
          },
          "private": "eyJlMmJmYjczMC1lY2FhLTExZTYtOGY4OC0zNDM2M2JjN2M0YzAiOnsiY3JlYXRlIjo2MDAwMDAwMDAwMDAsImRlbGV0ZSI6NjAwMDAwMDAwMDAwLCJ1cGRhdGUiOjYwMDAwMDAwMDAwMH19",
          "dependencies": [
            "aws_opsworks_custom_layer.db",
            "aws_opsworks_stack.demo",
            "aws_security_group.db_sg",
            "aws_subnet.db_subnet"
          ]
        }
      ]
    },
    {
      "mode": "managed",
      "type": "aws_opsworks_stack",
      "name": "demo",
      "provider": "provider.aws",
      "instances": [
        {
          "schema_version": 0,
          "attributes": {
            "agent_version": "LATEST",
            "arn": "arn:aws:opsworks:ap-south-1:886038311436:stack/d33c189b-5933-4fb5-ae12-24b0fc9f4811/",
            "berkshelf_version": "3.2.0",
            "color": "",
            "configuration_manager_name": "Chef",
            "configuration_manager_version": "12",
            "custom_cookbooks_source": [
              {
                "password": "",
                "revision": "",
                "ssh_key": "",
                "type": "git",
                "url": "https://github.com/sdr077/Opswork_Demo.git",
                "username": ""
              }
            ],
            "custom_json": null,
            "default_availability_zone": "ap-south-1b",
            "default_instance_profile_arn": "arn:aws:iam::886038311436:instance-profile/aws-opsworks-ec2-role",
            "default_os": "Amazon Linux 2018.03",
            "default_root_device_type": "ebs",
            "default_ssh_key_name": "",
            "default_subnet_id": "subnet-0368eeb689c348e09",
            "hostname_theme": "Layer_Dependent",
            "id": "d33c189b-5933-4fb5-ae12-24b0fc9f4811",
            "manage_berkshelf": false,
            "name": "LSEG_Demo2",
            "region": "ap-south-1",
            "service_role_arn": "arn:aws:iam::886038311436:role/aws-opsworks-service-role",
            "stack_endpoint": "ap-south-1",
            "tags": {},
            "use_custom_cookbooks": true,
            "use_opsworks_security_groups": true,
            "vpc_id": "vpc-09e844b7f894b6661"
          },
          "private": "bnVsbA==",
          "dependencies": [
            "aws_subnet.app_subnet",
            "aws_vpc.main",
            "random_shuffle.az"
          ]
        }
      ]
    },
    {
      "mode": "managed",
      "type": "aws_route",
      "name": "route_to_internet",
      "provider": "provider.aws",
      "instances": [
        {
          "schema_version": 0,
          "attributes": {
            "carrier_gateway_id": "",
            "destination_cidr_block": "0.0.0.0/0",
            "destination_ipv6_cidr_block": "",
            "destination_prefix_list_id": "",
            "egress_only_gateway_id": "",
            "gateway_id": "igw-08db79fcb3eb65253",
            "id": "r-rtb-05589d52c31d565c41080289494",
            "instance_id": "",
            "instance_owner_id": "",
            "local_gateway_id": "",
            "nat_gateway_id": "",
            "network_interface_id": "",
            "origin": "CreateRoute",
            "route_table_id": "rtb-05589d52c31d565c4",
            "state": "active",
            "timeouts": null,
            "transit_gateway_id": "",
            "vpc_endpoint_id": "",
            "vpc_peering_connection_id": ""
          },
          "private": "eyJlMmJmYjczMC1lY2FhLTExZTYtOGY4OC0zNDM2M2JjN2M0YzAiOnsiY3JlYXRlIjoxMjAwMDAwMDAwMDAsImRlbGV0ZSI6MzAwMDAwMDAwMDAwfX0=",
          "dependencies": [
            "aws_internet_gateway.igw",
            "aws_route_table.igw_private_route_table",
            "aws_vpc.main"
          ]
        }
      ]
    },
    {
      "mode": "managed",
      "type": "aws_route",
      "name": "route_to_nat",
      "provider": "provider.aws",
      "instances": [
        {
          "schema_version": 0,
          "attributes": {
            "carrier_gateway_id": "",
            "destination_cidr_block": "0.0.0.0/0",
            "destination_ipv6_cidr_block": "",
            "destination_prefix_list_id": "",
            "egress_only_gateway_id": "",
            "gateway_id": "",
            "id": "r-rtb-0356f43eccfef0ffc1080289494",
            "instance_id": "",
            "instance_owner_id": "",
            "local_gateway_id": "",
            "nat_gateway_id": "nat-07954e1391e2d5f95",
            "network_interface_id": "",
            "origin": "CreateRoute",
            "route_table_id": "rtb-0356f43eccfef0ffc",
            "state": "active",
            "timeouts": null,
            "transit_gateway_id": "",
            "vpc_endpoint_id": "",
            "vpc_peering_connection_id": ""
          },
          "private": "eyJlMmJmYjczMC1lY2FhLTExZTYtOGY4OC0zNDM2M2JjN2M0YzAiOnsiY3JlYXRlIjoxMjAwMDAwMDAwMDAsImRlbGV0ZSI6MzAwMDAwMDAwMDAwfX0=",
          "dependencies": [
            "aws_eip.nat_eip",
            "aws_nat_gateway.nat",
            "aws_route_table.nat_private_route_table",
            "aws_subnet.app_subnet",
            "aws_vpc.main",
            "random_shuffle.az"
          ]
        }
      ]
    },
    {
      "mode": "managed",
      "type": "aws_route_table",
      "name": "igw_private_route_table",
      "provider": "provider.aws",
      "instances": [
        {
          "schema_version": 0,
          "attributes": {
            "arn": "arn:aws:ec2:ap-south-1:886038311436:route-table/rtb-05589d52c31d565c4",
            "id": "rtb-05589d52c31d565c4",
            "owner_id": "886038311436",
            "propagating_vgws": [],
            "route": [
              {
                "carrier_gateway_id": "",
                "cidr_block": "0.0.0.0/0",
                "destination_prefix_list_id": "",
                "egress_only_gateway_id": "",
                "gateway_id": "igw-08db79fcb3eb65253",
                "instance_id": "",
                "ipv6_cidr_block": "",
                "local_gateway_id": "",
                "nat_gateway_id": "",
                "network_interface_id": "",
                "transit_gateway_id": "",
                "vpc_endpoint_id": "",
                "vpc_peering_connection_id": ""
              }
            ],
            "tags": {
              "Name": "public-route-table"
            },
            "vpc_id": "vpc-09e844b7f894b6661"
          },
          "private": "bnVsbA==",
          "dependencies": [
            "aws_vpc.main"
          ]
        }
      ]
    },
    {
      "mode": "managed",
      "type": "aws_route_table",
      "name": "nat_private_route_table",
      "provider": "provider.aws",
      "instances": [
        {
          "schema_version": 0,
          "attributes": {
            "arn": "arn:aws:ec2:ap-south-1:886038311436:route-table/rtb-0356f43eccfef0ffc",
            "id": "rtb-0356f43eccfef0ffc",
            "owner_id": "886038311436",
            "propagating_vgws": [],
            "route": [
              {
                "carrier_gateway_id": "",
                "cidr_block": "0.0.0.0/0",
                "destination_prefix_list_id": "",
                "egress_only_gateway_id": "",
                "gateway_id": "",
                "instance_id": "",
                "ipv6_cidr_block": "",
                "local_gateway_id": "",
                "nat_gateway_id": "nat-07954e1391e2d5f95",
                "network_interface_id": "",
                "transit_gateway_id": "",
                "vpc_endpoint_id": "",
                "vpc_peering_connection_id": ""
              }
            ],
            "tags": {
              "Name": "private-route-table"
            },
            "vpc_id": "vpc-09e844b7f894b6661"
          },
          "private": "bnVsbA==",
          "dependencies": [
            "aws_vpc.main"
          ]
        }
      ]
    },
    {
      "mode": "managed",
      "type": "aws_route_table_association",
      "name": "association_for_route_to_igw",
      "each": "list",
      "provider": "provider.aws",
      "instances": [
        {
          "index_key": 0,
          "schema_version": 0,
          "attributes": {
            "gateway_id": null,
            "id": "rtbassoc-028dc8abae75a1fef",
            "route_table_id": "rtb-05589d52c31d565c4",
            "subnet_id": "subnet-0368eeb689c348e09"
          },
          "private": "bnVsbA==",
          "dependencies": [
            "aws_route_table.igw_private_route_table",
            "aws_subnet.app_subnet",
            "aws_vpc.main",
            "random_shuffle.az"
          ]
        },
        {
          "index_key": 1,
          "schema_version": 0,
          "attributes": {
            "gateway_id": null,
            "id": "rtbassoc-0122bdfe1a25f1197",
            "route_table_id": "rtb-05589d52c31d565c4",
            "subnet_id": "subnet-055dd2958f071c511"
          },
          "private": "bnVsbA==",
          "dependencies": [
            "aws_route_table.igw_private_route_table",
            "aws_subnet.app_subnet",
            "aws_vpc.main",
            "random_shuffle.az"
          ]
        }
      ]
    },
    {
      "mode": "managed",
      "type": "aws_route_table_association",
      "name": "association_for_route_to_nat",
      "each": "list",
      "provider": "provider.aws",
      "instances": [
        {
          "index_key": 0,
          "schema_version": 0,
          "attributes": {
            "gateway_id": null,
            "id": "rtbassoc-0d3974c080d915af8",
            "route_table_id": "rtb-0356f43eccfef0ffc",
            "subnet_id": "subnet-083e76ce1c59ed32f"
          },
          "private": "bnVsbA==",
          "dependencies": [
            "aws_route_table.nat_private_route_table",
            "aws_subnet.db_subnet",
            "aws_vpc.main",
            "random_shuffle.az"
          ]
        },
        {
          "index_key": 1,
          "schema_version": 0,
          "attributes": {
            "gateway_id": null,
            "id": "rtbassoc-0a149957cecdecc25",
            "route_table_id": "rtb-0356f43eccfef0ffc",
            "subnet_id": "subnet-0247d2d6bb6fba946"
          },
          "private": "bnVsbA==",
          "dependencies": [
            "aws_route_table.nat_private_route_table",
            "aws_subnet.db_subnet",
            "aws_vpc.main",
            "random_shuffle.az"
          ]
        }
      ]
    },
    {
      "mode": "managed",
      "type": "aws_security_group",
      "name": "app_sg",
      "provider": "provider.aws",
      "instances": [
        {
          "schema_version": 1,
          "attributes": {
            "arn": "arn:aws:ec2:ap-south-1:886038311436:security-group/sg-0ef7c7c6dde951d2f",
            "description": "allow app",
            "egress": [
              {
                "cidr_blocks": [
                  "0.0.0.0/0"
                ],
                "description": "",
                "from_port": 0,
                "ipv6_cidr_blocks": [],
                "prefix_list_ids": [],
                "protocol": "-1",
                "security_groups": [],
                "self": false,
                "to_port": 0
              }
            ],
            "id": "sg-0ef7c7c6dde951d2f",
            "ingress": [
              {
                "cidr_blocks": [
                  "0.0.0.0/0"
                ],
                "description": "",
                "from_port": 465,
                "ipv6_cidr_blocks": [],
                "prefix_list_ids": [],
                "protocol": "tcp",
                "security_groups": [],
                "self": false,
                "to_port": 465
              },
              {
                "cidr_blocks": [
                  "0.0.0.0/0"
                ],
                "description": "",
                "from_port": 587,
                "ipv6_cidr_blocks": [],
                "prefix_list_ids": [],
                "protocol": "tcp",
                "security_groups": [],
                "self": false,
                "to_port": 587
              },
              {
                "cidr_blocks": [
                  "0.0.0.0/0"
                ],
                "description": "",
                "from_port": 80,
                "ipv6_cidr_blocks": [],
                "prefix_list_ids": [],
                "protocol": "tcp",
                "security_groups": [],
                "self": false,
                "to_port": 80
              },
              {
                "cidr_blocks": [],
                "description": "",
                "from_port": 3306,
                "ipv6_cidr_blocks": [],
                "prefix_list_ids": [],
                "protocol": "tcp",
                "security_groups": [
                  "sg-00b616e191aede35b"
                ],
                "self": false,
                "to_port": 3306
              }
            ],
            "name": "web-app-sg",
            "name_prefix": "",
            "owner_id": "886038311436",
            "revoke_rules_on_delete": false,
            "tags": {
              "Name": "web-app-sg"
            },
            "timeouts": null,
            "vpc_id": "vpc-09e844b7f894b6661"
          },
          "private": "eyJlMmJmYjczMC1lY2FhLTExZTYtOGY4OC0zNDM2M2JjN2M0YzAiOnsiY3JlYXRlIjo2MDAwMDAwMDAwMDAsImRlbGV0ZSI6OTAwMDAwMDAwMDAwfSwic2NoZW1hX3ZlcnNpb24iOiIxIn0=",
          "dependencies": [
            "aws_vpc.main"
          ]
        }
      ]
    },
    {
      "mode": "managed",
      "type": "aws_security_group",
      "name": "db_sg",
      "provider": "provider.aws",
      "instances": [
        {
          "schema_version": 1,
          "attributes": {
            "arn": "arn:aws:ec2:ap-south-1:886038311436:security-group/sg-00b616e191aede35b",
            "description": "db security group",
            "egress": [
              {
                "cidr_blocks": [
                  "0.0.0.0/0"
                ],
                "description": "",
                "from_port": 0,
                "ipv6_cidr_blocks": [],
                "prefix_list_ids": [],
                "protocol": "-1",
                "security_groups": [],
                "self": false,
                "to_port": 0
              }
            ],
            "id": "sg-00b616e191aede35b",
            "ingress": [
              {
                "cidr_blocks": [],
                "description": "",
                "from_port": 3306,
                "ipv6_cidr_blocks": [],
                "prefix_list_ids": [],
                "protocol": "tcp",
                "security_groups": [
                  "sg-0ef7c7c6dde951d2f"
                ],
                "self": false,
                "to_port": 3306
              }
            ],
            "name": "db-sg",
            "name_prefix": "",
            "owner_id": "886038311436",
            "revoke_rules_on_delete": false,
            "tags": {
              "Name": "db-sg"
            },
            "timeouts": null,
            "vpc_id": "vpc-09e844b7f894b6661"
          },
          "private": "eyJlMmJmYjczMC1lY2FhLTExZTYtOGY4OC0zNDM2M2JjN2M0YzAiOnsiY3JlYXRlIjo2MDAwMDAwMDAwMDAsImRlbGV0ZSI6OTAwMDAwMDAwMDAwfSwic2NoZW1hX3ZlcnNpb24iOiIxIn0=",
          "dependencies": [
            "aws_vpc.main"
          ]
        }
      ]
    },
    {
      "mode": "managed",
      "type": "aws_security_group_rule",
      "name": "db_r1",
      "provider": "provider.aws",
      "instances": [
        {
          "schema_version": 2,
          "attributes": {
            "cidr_blocks": [],
            "description": "",
            "from_port": 3306,
            "id": "sgrule-472003643",
            "ipv6_cidr_blocks": [],
            "prefix_list_ids": [],
            "protocol": "tcp",
            "security_group_id": "sg-00b616e191aede35b",
            "self": false,
            "source_security_group_id": "sg-0ef7c7c6dde951d2f",
            "to_port": 3306,
            "type": "ingress"
          },
          "private": "eyJzY2hlbWFfdmVyc2lvbiI6IjIifQ==",
          "dependencies": [
            "aws_security_group.app_sg",
            "aws_security_group.db_sg",
            "aws_vpc.main"
          ]
        }
      ]
    },
    {
      "mode": "managed",
      "type": "aws_security_group_rule",
      "name": "db_r2",
      "provider": "provider.aws",
      "instances": [
        {
          "schema_version": 2,
          "attributes": {
            "cidr_blocks": [
              "0.0.0.0/0"
            ],
            "description": "",
            "from_port": 0,
            "id": "sgrule-1663436506",
            "ipv6_cidr_blocks": [],
            "prefix_list_ids": [],
            "protocol": "-1",
            "security_group_id": "sg-00b616e191aede35b",
            "self": false,
            "source_security_group_id": null,
            "to_port": 0,
            "type": "egress"
          },
          "private": "eyJzY2hlbWFfdmVyc2lvbiI6IjIifQ==",
          "dependencies": [
            "aws_security_group.db_sg",
            "aws_vpc.main"
          ]
        }
      ]
    },
    {
      "mode": "managed",
      "type": "aws_security_group_rule",
      "name": "r1",
      "provider": "provider.aws",
      "instances": [
        {
          "schema_version": 2,
          "attributes": {
            "cidr_blocks": [
              "0.0.0.0/0"
            ],
            "description": "",
            "from_port": 80,
            "id": "sgrule-336310084",
            "ipv6_cidr_blocks": [],
            "prefix_list_ids": [],
            "protocol": "tcp",
            "security_group_id": "sg-0ef7c7c6dde951d2f",
            "self": false,
            "source_security_group_id": null,
            "to_port": 80,
            "type": "ingress"
          },
          "private": "eyJzY2hlbWFfdmVyc2lvbiI6IjIifQ==",
          "dependencies": [
            "aws_security_group.app_sg",
            "aws_vpc.main"
          ]
        }
      ]
    },
    {
      "mode": "managed",
      "type": "aws_security_group_rule",
      "name": "r2",
      "provider": "provider.aws",
      "instances": [
        {
          "schema_version": 2,
          "attributes": {
            "cidr_blocks": [
              "0.0.0.0/0"
            ],
            "description": "",
            "from_port": 465,
            "id": "sgrule-2545388170",
            "ipv6_cidr_blocks": [],
            "prefix_list_ids": [],
            "protocol": "tcp",
            "security_group_id": "sg-0ef7c7c6dde951d2f",
            "self": false,
            "source_security_group_id": null,
            "to_port": 465,
            "type": "ingress"
          },
          "private": "eyJzY2hlbWFfdmVyc2lvbiI6IjIifQ==",
          "dependencies": [
            "aws_security_group.app_sg",
            "aws_vpc.main"
          ]
        }
      ]
    },
    {
      "mode": "managed",
      "type": "aws_security_group_rule",
      "name": "r3",
      "provider": "provider.aws",
      "instances": [
        {
          "schema_version": 2,
          "attributes": {
            "cidr_blocks": [
              "0.0.0.0/0"
            ],
            "description": "",
            "from_port": 587,
            "id": "sgrule-4009169674",
            "ipv6_cidr_blocks": [],
            "prefix_list_ids": [],
            "protocol": "tcp",
            "security_group_id": "sg-0ef7c7c6dde951d2f",
            "self": false,
            "source_security_group_id": null,
            "to_port": 587,
            "type": "ingress"
          },
          "private": "eyJzY2hlbWFfdmVyc2lvbiI6IjIifQ==",
          "dependencies": [
            "aws_security_group.app_sg",
            "aws_vpc.main"
          ]
        }
      ]
    },
    {
      "mode": "managed",
      "type": "aws_security_group_rule",
      "name": "r4",
      "provider": "provider.aws",
      "instances": [
        {
          "schema_version": 2,
          "attributes": {
            "cidr_blocks": [
              "0.0.0.0/0"
            ],
            "description": "",
            "from_port": 0,
            "id": "sgrule-895078362",
            "ipv6_cidr_blocks": [],
            "prefix_list_ids": [],
            "protocol": "-1",
            "security_group_id": "sg-0ef7c7c6dde951d2f",
            "self": false,
            "source_security_group_id": null,
            "to_port": 0,
            "type": "egress"
          },
          "private": "eyJzY2hlbWFfdmVyc2lvbiI6IjIifQ==",
          "dependencies": [
            "aws_security_group.app_sg",
            "aws_vpc.main"
          ]
        }
      ]
    },
    {
      "mode": "managed",
      "type": "aws_security_group_rule",
      "name": "r5",
      "provider": "provider.aws",
      "instances": [
        {
          "schema_version": 2,
          "attributes": {
            "cidr_blocks": [],
            "description": "",
            "from_port": 3306,
            "id": "sgrule-2227779575",
            "ipv6_cidr_blocks": [],
            "prefix_list_ids": [],
            "protocol": "tcp",
            "security_group_id": "sg-0ef7c7c6dde951d2f",
            "self": false,
            "source_security_group_id": "sg-00b616e191aede35b",
            "to_port": 3306,
            "type": "ingress"
          },
          "private": "eyJzY2hlbWFfdmVyc2lvbiI6IjIifQ==",
          "dependencies": [
            "aws_security_group.app_sg",
            "aws_security_group.db_sg",
            "aws_vpc.main"
          ]
        }
      ]
    },
    {
      "mode": "managed",
      "type": "aws_subnet",
      "name": "app_subnet",
      "each": "list",
      "provider": "provider.aws",
      "instances": [
        {
          "index_key": 0,
          "schema_version": 1,
          "attributes": {
            "arn": "arn:aws:ec2:ap-south-1:886038311436:subnet/subnet-0368eeb689c348e09",
            "assign_ipv6_address_on_creation": false,
            "availability_zone": "ap-south-1b",
            "availability_zone_id": "aps1-az3",
            "cidr_block": "10.0.3.0/24",
            "customer_owned_ipv4_pool": "",
            "id": "subnet-0368eeb689c348e09",
            "ipv6_cidr_block": "",
            "ipv6_cidr_block_association_id": "",
            "map_customer_owned_ip_on_launch": false,
            "map_public_ip_on_launch": false,
            "outpost_arn": "",
            "owner_id": "886038311436",
            "tags": {
              "Name": "App-Subnet"
            },
            "tags_all": {
              "Name": "App-Subnet"
            },
            "timeouts": null,
            "vpc_id": "vpc-09e844b7f894b6661"
          },
          "private": "eyJlMmJmYjczMC1lY2FhLTExZTYtOGY4OC0zNDM2M2JjN2M0YzAiOnsiY3JlYXRlIjo2MDAwMDAwMDAwMDAsImRlbGV0ZSI6MTIwMDAwMDAwMDAwMH0sInNjaGVtYV92ZXJzaW9uIjoiMSJ9",
          "dependencies": [
            "aws_vpc.main",
            "random_shuffle.az"
          ]
        },
        {
          "index_key": 1,
          "schema_version": 1,
          "attributes": {
            "arn": "arn:aws:ec2:ap-south-1:886038311436:subnet/subnet-055dd2958f071c511",
            "assign_ipv6_address_on_creation": false,
            "availability_zone": "ap-south-1a",
            "availability_zone_id": "aps1-az1",
            "cidr_block": "10.0.4.0/24",
            "customer_owned_ipv4_pool": "",
            "id": "subnet-055dd2958f071c511",
            "ipv6_cidr_block": "",
            "ipv6_cidr_block_association_id": "",
            "map_customer_owned_ip_on_launch": false,
            "map_public_ip_on_launch": false,
            "outpost_arn": "",
            "owner_id": "886038311436",
            "tags": {
              "Name": "App-Subnet"
            },
            "tags_all": {
              "Name": "App-Subnet"
            },
            "timeouts": null,
            "vpc_id": "vpc-09e844b7f894b6661"
          },
          "private": "eyJlMmJmYjczMC1lY2FhLTExZTYtOGY4OC0zNDM2M2JjN2M0YzAiOnsiY3JlYXRlIjo2MDAwMDAwMDAwMDAsImRlbGV0ZSI6MTIwMDAwMDAwMDAwMH0sInNjaGVtYV92ZXJzaW9uIjoiMSJ9",
          "dependencies": [
            "aws_vpc.main",
            "random_shuffle.az"
          ]
        }
      ]
    },
    {
      "mode": "managed",
      "type": "aws_subnet",
      "name": "db_subnet",
      "each": "list",
      "provider": "provider.aws",
      "instances": [
        {
          "index_key": 0,
          "schema_version": 1,
          "attributes": {
            "arn": "arn:aws:ec2:ap-south-1:886038311436:subnet/subnet-083e76ce1c59ed32f",
            "assign_ipv6_address_on_creation": false,
            "availability_zone": "ap-south-1b",
            "availability_zone_id": "aps1-az3",
            "cidr_block": "10.0.1.0/24",
            "customer_owned_ipv4_pool": "",
            "id": "subnet-083e76ce1c59ed32f",
            "ipv6_cidr_block": "",
            "ipv6_cidr_block_association_id": "",
            "map_customer_owned_ip_on_launch": false,
            "map_public_ip_on_launch": false,
            "outpost_arn": "",
            "owner_id": "886038311436",
            "tags": {
              "Name": "DB-Subnet"
            },
            "tags_all": {
              "Name": "DB-Subnet"
            },
            "timeouts": null,
            "vpc_id": "vpc-09e844b7f894b6661"
          },
          "private": "eyJlMmJmYjczMC1lY2FhLTExZTYtOGY4OC0zNDM2M2JjN2M0YzAiOnsiY3JlYXRlIjo2MDAwMDAwMDAwMDAsImRlbGV0ZSI6MTIwMDAwMDAwMDAwMH0sInNjaGVtYV92ZXJzaW9uIjoiMSJ9",
          "dependencies": [
            "aws_vpc.main",
            "random_shuffle.az"
          ]
        },
        {
          "index_key": 1,
          "schema_version": 1,
          "attributes": {
            "arn": "arn:aws:ec2:ap-south-1:886038311436:subnet/subnet-0247d2d6bb6fba946",
            "assign_ipv6_address_on_creation": false,
            "availability_zone": "ap-south-1a",
            "availability_zone_id": "aps1-az1",
            "cidr_block": "10.0.2.0/24",
            "customer_owned_ipv4_pool": "",
            "id": "subnet-0247d2d6bb6fba946",
            "ipv6_cidr_block": "",
            "ipv6_cidr_block_association_id": "",
            "map_customer_owned_ip_on_launch": false,
            "map_public_ip_on_launch": false,
            "outpost_arn": "",
            "owner_id": "886038311436",
            "tags": {
              "Name": "DB-Subnet"
            },
            "tags_all": {
              "Name": "DB-Subnet"
            },
            "timeouts": null,
            "vpc_id": "vpc-09e844b7f894b6661"
          },
          "private": "eyJlMmJmYjczMC1lY2FhLTExZTYtOGY4OC0zNDM2M2JjN2M0YzAiOnsiY3JlYXRlIjo2MDAwMDAwMDAwMDAsImRlbGV0ZSI6MTIwMDAwMDAwMDAwMH0sInNjaGVtYV92ZXJzaW9uIjoiMSJ9",
          "dependencies": [
            "aws_vpc.main",
            "random_shuffle.az"
          ]
        }
      ]
    },
    {
      "mode": "managed",
      "type": "aws_vpc",
      "name": "main",
      "provider": "provider.aws",
      "instances": [
        {
          "schema_version": 1,
          "attributes": {
            "arn": "arn:aws:ec2:ap-south-1:886038311436:vpc/vpc-09e844b7f894b6661",
            "assign_generated_ipv6_cidr_block": false,
            "cidr_block": "10.0.0.0/16",
            "default_network_acl_id": "acl-0463f7dab2de2dfbb",
            "default_route_table_id": "rtb-090c7f1fedaf95ee8",
            "default_security_group_id": "sg-0f0cae9256f6228f8",
            "dhcp_options_id": "dopt-dc09ceb7",
            "enable_classiclink": null,
            "enable_classiclink_dns_support": null,
            "enable_dns_hostnames": false,
            "enable_dns_support": true,
            "id": "vpc-09e844b7f894b6661",
            "instance_tenancy": "default",
            "ipv6_association_id": "",
            "ipv6_cidr_block": "",
            "main_route_table_id": "rtb-090c7f1fedaf95ee8",
            "owner_id": "886038311436",
            "tags": {
              "Name": "Demo VPC"
            },
            "tags_all": {
              "Name": "Demo VPC"
            }
          },
          "private": "eyJzY2hlbWFfdmVyc2lvbiI6IjEifQ=="
        }
      ]
    },
    {
      "mode": "managed",
      "type": "random_shuffle",
      "name": "az",
      "provider": "provider.random",
      "instances": [
        {
          "schema_version": 0,
          "attributes": {
            "id": "-",
            "input": [
              "ap-south-1a",
              "ap-south-1b",
              "ap-south-1c"
            ],
            "keepers": null,
            "result": [
              "ap-south-1b",
              "ap-south-1a",
              "ap-south-1c"
            ],
            "result_count": 3,
            "seed": null
          },
          "private": "bnVsbA=="
        }
      ]
    }
  ]
}
